
Microsoft Visual Studio Solution File, Format Version 12.00
# Visual Studio Version 18
VisualStudioVersion = 18.4.11513.90
MinimumVisualStudioVersion = 10.0.40219.1
Project("{2150E333-8FDC-42A3-9474-1A3956D46DE8}") = "src", "src", "{3DE3CE73-CD6A-484A-95F1-D977EB1628BF}"
EndProject
Project("{FAE04EC0-301F-11D3-BF4B-00C04F79EFBC}") = "Axent.Abstractions", "src\Axent.Abstractions\Axent.Abstractions.csproj", "{BC99D3F9-06BB-4686-B7EA-3535BE6F2190}"
EndProject
Project("{FAE04EC0-301F-11D3-BF4B-00C04F79EFBC}") = "Axent.Core", "src\Axent.Core\Axent.Core.csproj", "{9E31B568-8371-445B-AD9C-4027E7835ADD}"
EndProject
Project("{2150E333-8FDC-42A3-9474-1A3956D46DE8}") = "samples", "samples", "{E60AF34B-5D79-47A6-92A0-55E7B040F6E2}"
EndProject
Project("{FAE04EC0-301F-11D3-BF4B-00C04F79EFBC}") = "Axent.ExampleApi", "samples\Axent.ExampleApi\Axent.ExampleApi.csproj", "{2EAE29D7-8C77-4528-985C-6082258C453C}"
EndProject
Project("{FAE04EC0-301F-11D3-BF4B-00C04F79EFBC}") = "Axent.Extensions.AspNetCore", "src\Axent.Extensions.AspNetCore\Axent.Extensions.AspNetCore.csproj", "{FEE57F0A-6316-4514-B1E2-8FDF0967EE21}"
EndProject
Project("{2150E333-8FDC-42A3-9474-1A3956D46DE8}") = "tests", "tests", "{D4C5F6EB-2F81-47D0-875D-353E24BE2303}"
EndProject
Project("{FAE04EC0-301F-11D3-BF4B-00C04F79EFBC}") = "Axent.Extensions.AspNetCore.UnitTests", "tests\Axent.Extensions.AspNetCore.UnitTests\Axent.Extensions.AspNetCore.UnitTests.csproj", "{763FB29D-C146-4D59-9026-997C5973F242}"
EndProject
Project("{2150E333-8FDC-42A3-9474-1A3956D46DE8}") = "Solution Items", "Solution Items", "{CF63ABDF-FF8E-4EEE-90C3-E1C7C2F5BF26}"
	ProjectSection(SolutionItems) = preProject
		.editorconfig = .editorconfig
		.gitattributes = .gitattributes
		.gitignore = .gitignore
		CHANGELOG.md = CHANGELOG.md
		Directory.Build.props = Directory.Build.props
		LICENSE = LICENSE
		README.md = README.md
	EndProjectSection
EndProject
Project("{2150E333-8FDC-42A3-9474-1A3956D46DE8}") = ".github", ".github", "{593F2757-3BE5-4184-8C80-811FB6CEF890}"
EndProject
Project("{2150E333-8FDC-42A3-9474-1A3956D46DE8}") = "workflows", "workflows", "{32769E30-B078-4790-9CD3-916B84856591}"
	ProjectSection(SolutionItems) = preProject
		.github\workflows\publish-nuget.yml = .github\workflows\publish-nuget.yml
	EndProjectSection
EndProject
Project("{FAE04EC0-301F-11D3-BF4B-00C04F79EFBC}") = "Axent.Generators", "src\Axent.Generators\Axent.Generators.csproj", "{23A3BB78-4694-FAEB-4B32-08FC44254EC9}"
EndProject
Global
	GlobalSection(SolutionConfigurationPlatforms) = preSolution
		Debug|Any CPU = Debug|Any CPU
		Release|Any CPU = Release|Any CPU
	EndGlobalSection
	GlobalSection(ProjectConfigurationPlatforms) = postSolution
		{BC99D3F9-06BB-4686-B7EA-3535BE6F2190}.Debug|Any CPU.ActiveCfg = Debug|Any CPU
		{BC99D3F9-06BB-4686-B7EA-3535BE6F2190}.Debug|Any CPU.Build.0 = Debug|Any CPU
		{BC99D3F9-06BB-4686-B7EA-3535BE6F2190}.Release|Any CPU.ActiveCfg = Release|Any CPU
		{BC99D3F9-06BB-4686-B7EA-3535BE6F2190}.Release|Any CPU.Build.0 = Release|Any CPU
		{9E31B568-8371-445B-AD9C-4027E7835ADD}.Debug|Any CPU.ActiveCfg = Debug|Any CPU
		{9E31B568-8371-445B-AD9C-4027E7835ADD}.Debug|Any CPU.Build.0 = Debug|Any CPU
		{9E31B568-8371-445B-AD9C-4027E7835ADD}.Release|Any CPU.ActiveCfg = Release|Any CPU
		{9E31B568-8371-445B-AD9C-4027E7835ADD}.Release|Any CPU.Build.0 = Release|Any CPU
		{2EAE29D7-8C77-4528-985C-6082258C453C}.Debug|Any CPU.ActiveCfg = Debug|Any CPU
		{2EAE29D7-8C77-4528-985C-6082258C453C}.Debug|Any CPU.Build.0 = Debug|Any CPU
		{2EAE29D7-8C77-4528-985C-6082258C453C}.Release|Any CPU.ActiveCfg = Release|Any CPU
		{2EAE29D7-8C77-4528-985C-6082258C453C}.Release|Any CPU.Build.0 = Release|Any CPU
		{FEE57F0A-6316-4514-B1E2-8FDF0967EE21}.Debug|Any CPU.ActiveCfg = Debug|Any CPU
		{FEE57F0A-6316-4514-B1E2-8FDF0967EE21}.Debug|Any CPU.Build.0 = Debug|Any CPU
		{FEE57F0A-6316-4514-B1E2-8FDF0967EE21}.Release|Any CPU.ActiveCfg = Release|Any CPU
		{FEE57F0A-6316-4514-B1E2-8FDF0967EE21}.Release|Any CPU.Build.0 = Release|Any CPU
		{763FB29D-C146-4D59-9026-997C5973F242}.Debug|Any CPU.ActiveCfg = Debug|Any CPU
		{763FB29D-C146-4D59-9026-997C5973F242}.Debug|Any CPU.Build.0 = Debug|Any CPU
		{763FB29D-C146-4D59-9026-997C5973F242}.Release|Any CPU.ActiveCfg = Release|Any CPU
		{763FB29D-C146-4D59-9026-997C5973F242}.Release|Any CPU.Build.0 = Release|Any CPU
		{23A3BB78-4694-FAEB-4B32-08FC44254EC9}.Debug|Any CPU.ActiveCfg = Debug|Any CPU
		{23A3BB78-4694-FAEB-4B32-08FC44254EC9}.Debug|Any CPU.Build.0 = Debug|Any CPU
		{23A3BB78-4694-FAEB-4B32-08FC44254EC9}.Release|Any CPU.ActiveCfg = Release|Any CPU
		{23A3BB78-4694-FAEB-4B32-08FC44254EC9}.Release|Any CPU.Build.0 = Release|Any CPU
	EndGlobalSection
	GlobalSection(SolutionProperties) = preSolution
		HideSolutionNode = FALSE
	EndGlobalSection
	GlobalSection(NestedProjects) = preSolution
		{BC99D3F9-06BB-4686-B7EA-3535BE6F2190} = {3DE3CE73-CD6A-484A-95F1-D977EB1628BF}
		{9E31B568-8371-445B-AD9C-4027E7835ADD} = {3DE3CE73-CD6A-484A-95F1-D977EB1628BF}
		{2EAE29D7-8C77-4528-985C-6082258C453C} = {E60AF34B-5D79-47A6-92A0-55E7B040F6E2}
		{FEE57F0A-6316-4514-B1E2-8FDF0967EE21} = {3DE3CE73-CD6A-484A-95F1-D977EB1628BF}
		{763FB29D-C146-4D59-9026-997C5973F242} = {D4C5F6EB-2F81-47D0-875D-353E24BE2303}
		{593F2757-3BE5-4184-8C80-811FB6CEF890} = {CF63ABDF-FF8E-4EEE-90C3-E1C7C2F5BF26}
		{32769E30-B078-4790-9CD3-916B84856591} = {593F2757-3BE5-4184-8C80-811FB6CEF890}
		{23A3BB78-4694-FAEB-4B32-08FC44254EC9} = {3DE3CE73-CD6A-484A-95F1-D977EB1628BF}
	EndGlobalSection
	GlobalSection(ExtensibilityGlobals) = postSolution
		SolutionGuid = {22A40C2C-CE32-478C-BCAD-E82586AFFE5A}
	EndGlobalSection
EndGlobal
